
Microsoft Visual Studio Solution File, Format Version 12.00
# Visual Studio 15
Project("{FAE04EC0-301F-11D3-BF4B-00C04F79EFBC}") = "Oculus.Platform", "Oculus.Platform.csproj", "{0A0E4532-C4CF-E8C8-8A55-A95A51A23963}"
EndProject
Project("{FAE04EC0-301F-11D3-BF4B-00C04F79EFBC}") = "Assembly-CSharp", "Assembly-CSharp.csproj", "{B7817BC9-D07D-1B09-FC08-F1B5C0AC1A84}"
EndProject
Project("{FAE04EC0-301F-11D3-BF4B-00C04F79EFBC}") = "Oculus.Interaction", "Oculus.Interaction.csproj", "{DA96527D-8FBA-6E95-A6DE-E742BA50698B}"
EndProject
Project("{FAE04EC0-301F-11D3-BF4B-00C04F79EFBC}") = "Oculus.VR", "Oculus.VR.csproj", "{83D0E6A8-6AE0-3133-4656-9CD7B352BE9B}"
EndProject
Project("{FAE04EC0-301F-11D3-BF4B-00C04F79EFBC}") = "VoiceSDK.Dictation.Runtime", "VoiceSDK.Dictation.Runtime.csproj", "{CC99572C-CA68-5E74-9773-DA6545CADE2D}"
EndProject
Project("{FAE04EC0-301F-11D3-BF4B-00C04F79EFBC}") = "VoiceSDK.Runtime", "VoiceSDK.Runtime.csproj", "{32B83957-0F0D-1538-B3D6-548BCA1DD4D0}"
EndProject
Project("{FAE04EC0-301F-11D3-BF4B-00C04F79EFBC}") = "Facebook.WitAI", "Facebook.WitAI.csproj", "{21DA81BC-F967-4E5D-9629-6296D553DF3D}"
EndProject
Project("{FAE04EC0-301F-11D3-BF4B-00C04F79EFBC}") = "Oculus.Interaction.Samples", "Oculus.Interaction.Samples.csproj", "{EFD6A480-6D01-A008-4E91-EA15CFEB8381}"
EndProject
Project("{FAE04EC0-301F-11D3-BF4B-00C04F79EFBC}") = "Oculus.Voice.Demo", "Oculus.Voice.Demo.csproj", "{C3BB1D89-678F-F3DE-9E48-20C5AB0AD443}"
EndProject
Project("{FAE04EC0-301F-11D3-BF4B-00C04F79EFBC}") = "AssistantCoreSDKRuntime", "AssistantCoreSDKRuntime.csproj", "{F53A4249-2289-BDB1-F82C-B93910B491AA}"
EndProject
Project("{FAE04EC0-301F-11D3-BF4B-00C04F79EFBC}") = "LitJson", "LitJson.csproj", "{FBCDC398-5EFC-8178-59C0-781E4F469558}"
EndProject
Project("{FAE04EC0-301F-11D3-BF4B-00C04F79EFBC}") = "Oculus.AudioManager", "Oculus.AudioManager.csproj", "{3D7E36E2-95B8-EC41-E1DD-BC3706AF5285}"
EndProject
Project("{FAE04EC0-301F-11D3-BF4B-00C04F79EFBC}") = "Oculus.LipSync", "Oculus.LipSync.csproj", "{5503C5D6-8651-AA07-EB35-A70471D36E7E}"
EndProject
Project("{FAE04EC0-301F-11D3-BF4B-00C04F79EFBC}") = "Oculus.Spatializer", "Oculus.Spatializer.csproj", "{5F9F4249-89CB-655C-1008-B36398B3A7BA}"
EndProject
Project("{FAE04EC0-301F-11D3-BF4B-00C04F79EFBC}") = "Facebook.Wit.Conduit", "Facebook.Wit.Conduit.csproj", "{4F0FFA1F-5584-C19E-FCE1-78FB47926B18}"
EndProject
Project("{FAE04EC0-301F-11D3-BF4B-00C04F79EFBC}") = "Facebook.Wit.Dictation", "Facebook.Wit.Dictation.csproj", "{A8F78061-6A81-543E-4040-24DDB74A8BA0}"
EndProject
Project("{FAE04EC0-301F-11D3-BF4B-00C04F79EFBC}") = "Facebook.Wit.TTS", "Facebook.Wit.TTS.csproj", "{7822AEA8-DA56-174F-6E1D-F523988B003A}"
EndProject
Project("{FAE04EC0-301F-11D3-BF4B-00C04F79EFBC}") = "Facebook.Wit.TTS.Samples", "Facebook.Wit.TTS.Samples.csproj", "{E472E34A-3059-479B-5D87-FC0C8EC3827D}"
EndProject
Project("{FAE04EC0-301F-11D3-BF4B-00C04F79EFBC}") = "Facebook.Wit.Editor", "Facebook.Wit.Editor.csproj", "{4A998D49-CFD3-D1D0-FA86-9ECF1286F174}"
EndProject
Project("{FAE04EC0-301F-11D3-BF4B-00C04F79EFBC}") = "Facebook.Wit.Conduit.Editor", "Facebook.Wit.Conduit.Editor.csproj", "{7F2DD4B7-260E-34AB-C9EE-275883B99B1B}"
EndProject
Project("{FAE04EC0-301F-11D3-BF4B-00C04F79EFBC}") = "Oculus.Interaction.Editor", "Oculus.Interaction.Editor.csproj", "{66C2703A-C018-04B0-BF6D-B9F4FA0A7127}"
EndProject
Project("{FAE04EC0-301F-11D3-BF4B-00C04F79EFBC}") = "Assembly-CSharp-Editor", "Assembly-CSharp-Editor.csproj", "{F4515606-40B1-58DC-0DEA-5C27C0A52E0C}"
EndProject
Project("{FAE04EC0-301F-11D3-BF4B-00C04F79EFBC}") = "Facebook.Wit.TTS.Editor", "Facebook.Wit.TTS.Editor.csproj", "{91BF3542-9419-FE48-7A9E-F741581FC8BC}"
EndProject
Project("{FAE04EC0-301F-11D3-BF4B-00C04F79EFBC}") = "VoiceSDK.Dictation.Editor", "VoiceSDK.Dictation.Editor.csproj", "{AA26D7A1-71E2-C0CE-F8AB-F0840B43965F}"
EndProject
Project("{FAE04EC0-301F-11D3-BF4B-00C04F79EFBC}") = "Oculus.Platform.Editor", "Oculus.Platform.Editor.csproj", "{F005BAED-F5E3-ECEA-A955-5677D2C09C25}"
EndProject
Project("{FAE04EC0-301F-11D3-BF4B-00C04F79EFBC}") = "VoiceSDK.Editor", "VoiceSDK.Editor.csproj", "{DA0E4169-1E71-EEF5-7425-7DCB82EA4BE2}"
EndProject
Project("{FAE04EC0-301F-11D3-BF4B-00C04F79EFBC}") = "Oculus.AudioManager.Audio.Editor", "Oculus.AudioManager.Audio.Editor.csproj", "{D15FAB58-02FC-ACD8-43BE-4C52571601D1}"
EndProject
Project("{FAE04EC0-301F-11D3-BF4B-00C04F79EFBC}") = "Oculus.VR.Scripts.Editor", "Oculus.VR.Scripts.Editor.csproj", "{D18BE99F-1B4A-314B-5857-E2444AAAD8D5}"
EndProject
Project("{FAE04EC0-301F-11D3-BF4B-00C04F79EFBC}") = "Oculus.VR.Editor", "Oculus.VR.Editor.csproj", "{84CDC936-E283-EB23-F163-02E759C01E8A}"
EndProject
Project("{FAE04EC0-301F-11D3-BF4B-00C04F79EFBC}") = "Oculus.Spatializer.Editor", "Oculus.Spatializer.Editor.csproj", "{E7D7B107-1D9C-6FFD-326C-A48943EE1768}"
EndProject
Project("{FAE04EC0-301F-11D3-BF4B-00C04F79EFBC}") = "Oculus.LipSync.Editor", "Oculus.LipSync.Editor.csproj", "{F90E6D36-2C95-978F-A1D8-CDFFB5A52085}"
EndProject
Project("{FAE04EC0-301F-11D3-BF4B-00C04F79EFBC}") = "Oculus.AudioManager.Utils.Editor", "Oculus.AudioManager.Utils.Editor.csproj", "{6DCA1B68-5C46-ABB6-C496-78298432697F}"
EndProject
Project("{FAE04EC0-301F-11D3-BF4B-00C04F79EFBC}") = "Oculus.Interaction.Samples.Editor", "Oculus.Interaction.Samples.Editor.csproj", "{3D443F41-235C-D2B6-F1D4-2E6393B89B2F}"
EndProject
Project("{FAE04EC0-301F-11D3-BF4B-00C04F79EFBC}") = "Facebook.Wit.Dictation.Editor", "Facebook.Wit.Dictation.Editor.csproj", "{B7C18C24-97E7-379F-6837-7187760263AA}"
EndProject
Project("{FAE04EC0-301F-11D3-BF4B-00C04F79EFBC}") = "Oculus.Interaction.InterfaceSupport", "Oculus.Interaction.InterfaceSupport.csproj", "{E74CE37E-AFCA-5AF6-AA2E-564F5C5A3E2E}"
EndProject
Project("{FAE04EC0-301F-11D3-BF4B-00C04F79EFBC}") = "AssistantCoreSDKEditor", "AssistantCoreSDKEditor.csproj", "{B9DAF28C-4298-8318-B781-C89D945555C8}"
EndProject
Global
	GlobalSection(SolutionConfigurationPlatforms) = preSolution
		Debug|Any CPU = Debug|Any CPU
		Release|Any CPU = Release|Any CPU
	EndGlobalSection
	GlobalSection(ProjectConfigurationPlatforms) = postSolution
		{0A0E4532-C4CF-E8C8-8A55-A95A51A23963}.Debug|Any CPU.ActiveCfg = Debug|Any CPU
		{0A0E4532-C4CF-E8C8-8A55-A95A51A23963}.Debug|Any CPU.Build.0 = Debug|Any CPU
		{0A0E4532-C4CF-E8C8-8A55-A95A51A23963}.Release|Any CPU.ActiveCfg = Release|Any CPU
		{0A0E4532-C4CF-E8C8-8A55-A95A51A23963}.Release|Any CPU.Build.0 = Release|Any CPU
		{B7817BC9-D07D-1B09-FC08-F1B5C0AC1A84}.Debug|Any CPU.ActiveCfg = Debug|Any CPU
		{B7817BC9-D07D-1B09-FC08-F1B5C0AC1A84}.Debug|Any CPU.Build.0 = Debug|Any CPU
		{B7817BC9-D07D-1B09-FC08-F1B5C0AC1A84}.Release|Any CPU.ActiveCfg = Release|Any CPU
		{B7817BC9-D07D-1B09-FC08-F1B5C0AC1A84}.Release|Any CPU.Build.0 = Release|Any CPU
		{DA96527D-8FBA-6E95-A6DE-E742BA50698B}.Debug|Any CPU.ActiveCfg = Debug|Any CPU
		{DA96527D-8FBA-6E95-A6DE-E742BA50698B}.Debug|Any CPU.Build.0 = Debug|Any CPU
		{DA96527D-8FBA-6E95-A6DE-E742BA50698B}.Release|Any CPU.ActiveCfg = Release|Any CPU
		{DA96527D-8FBA-6E95-A6DE-E742BA50698B}.Release|Any CPU.Build.0 = Release|Any CPU
		{83D0E6A8-6AE0-3133-4656-9CD7B352BE9B}.Debug|Any CPU.ActiveCfg = Debug|Any CPU
		{83D0E6A8-6AE0-3133-4656-9CD7B352BE9B}.Debug|Any CPU.Build.0 = Debug|Any CPU
		{83D0E6A8-6AE0-3133-4656-9CD7B352BE9B}.Release|Any CPU.ActiveCfg = Release|Any CPU
		{83D0E6A8-6AE0-3133-4656-9CD7B352BE9B}.Release|Any CPU.Build.0 = Release|Any CPU
		{CC99572C-CA68-5E74-9773-DA6545CADE2D}.Debug|Any CPU.ActiveCfg = Debug|Any CPU
		{CC99572C-CA68-5E74-9773-DA6545CADE2D}.Debug|Any CPU.Build.0 = Debug|Any CPU
		{CC99572C-CA68-5E74-9773-DA6545CADE2D}.Release|Any CPU.ActiveCfg = Release|Any CPU
		{CC99572C-CA68-5E74-9773-DA6545CADE2D}.Release|Any CPU.Build.0 = Release|Any CPU
		{32B83957-0F0D-1538-B3D6-548BCA1DD4D0}.Debug|Any CPU.ActiveCfg = Debug|Any CPU
		{32B83957-0F0D-1538-B3D6-548BCA1DD4D0}.Debug|Any CPU.Build.0 = Debug|Any CPU
		{32B83957-0F0D-1538-B3D6-548BCA1DD4D0}.Release|Any CPU.ActiveCfg = Release|Any CPU
		{32B83957-0F0D-1538-B3D6-548BCA1DD4D0}.Release|Any CPU.Build.0 = Release|Any CPU
		{21DA81BC-F967-4E5D-9629-6296D553DF3D}.Debug|Any CPU.ActiveCfg = Debug|Any CPU
		{21DA81BC-F967-4E5D-9629-6296D553DF3D}.Debug|Any CPU.Build.0 = Debug|Any CPU
		{21DA81BC-F967-4E5D-9629-6296D553DF3D}.Release|Any CPU.ActiveCfg = Release|Any CPU
		{21DA81BC-F967-4E5D-9629-6296D553DF3D}.Release|Any CPU.Build.0 = Release|Any CPU
		{EFD6A480-6D01-A008-4E91-EA15CFEB8381}.Debug|Any CPU.ActiveCfg = Debug|Any CPU
		{EFD6A480-6D01-A008-4E91-EA15CFEB8381}.Debug|Any CPU.Build.0 = Debug|Any CPU
		{EFD6A480-6D01-A008-4E91-EA15CFEB8381}.Release|Any CPU.ActiveCfg = Release|Any CPU
		{EFD6A480-6D01-A008-4E91-EA15CFEB8381}.Release|Any CPU.Build.0 = Release|Any CPU
		{C3BB1D89-678F-F3DE-9E48-20C5AB0AD443}.Debug|Any CPU.ActiveCfg = Debug|Any CPU
		{C3BB1D89-678F-F3DE-9E48-20C5AB0AD443}.Debug|Any CPU.Build.0 = Debug|Any CPU
		{C3BB1D89-678F-F3DE-9E48-20C5AB0AD443}.Release|Any CPU.ActiveCfg = Release|Any CPU
		{C3BB1D89-678F-F3DE-9E48-20C5AB0AD443}.Release|Any CPU.Build.0 = Release|Any CPU
		{F53A4249-2289-BDB1-F82C-B93910B491AA}.Debug|Any CPU.ActiveCfg = Debug|Any CPU
		{F53A4249-2289-BDB1-F82C-B93910B491AA}.Debug|Any CPU.Build.0 = Debug|Any CPU
		{F53A4249-2289-BDB1-F82C-B93910B491AA}.Release|Any CPU.ActiveCfg = Release|Any CPU
		{F53A4249-2289-BDB1-F82C-B93910B491AA}.Release|Any CPU.Build.0 = Release|Any CPU
		{FBCDC398-5EFC-8178-59C0-781E4F469558}.Debug|Any CPU.ActiveCfg = Debug|Any CPU
		{FBCDC398-5EFC-8178-59C0-781E4F469558}.Debug|Any CPU.Build.0 = Debug|Any CPU
		{FBCDC398-5EFC-8178-59C0-781E4F469558}.Release|Any CPU.ActiveCfg = Release|Any CPU
		{FBCDC398-5EFC-8178-59C0-781E4F469558}.Release|Any CPU.Build.0 = Release|Any CPU
		{3D7E36E2-95B8-EC41-E1DD-BC3706AF5285}.Debug|Any CPU.ActiveCfg = Debug|Any CPU
		{3D7E36E2-95B8-EC41-E1DD-BC3706AF5285}.Debug|Any CPU.Build.0 = Debug|Any CPU
		{3D7E36E2-95B8-EC41-E1DD-BC3706AF5285}.Release|Any CPU.ActiveCfg = Release|Any CPU
		{3D7E36E2-95B8-EC41-E1DD-BC3706AF5285}.Release|Any CPU.Build.0 = Release|Any CPU
		{5503C5D6-8651-AA07-EB35-A70471D36E7E}.Debug|Any CPU.ActiveCfg = Debug|Any CPU
		{5503C5D6-8651-AA07-EB35-A70471D36E7E}.Debug|Any CPU.Build.0 = Debug|Any CPU
		{5503C5D6-8651-AA07-EB35-A70471D36E7E}.Release|Any CPU.ActiveCfg = Release|Any CPU
		{5503C5D6-8651-AA07-EB35-A70471D36E7E}.Release|Any CPU.Build.0 = Release|Any CPU
		{5F9F4249-89CB-655C-1008-B36398B3A7BA}.Debug|Any CPU.ActiveCfg = Debug|Any CPU
		{5F9F4249-89CB-655C-1008-B36398B3A7BA}.Debug|Any CPU.Build.0 = Debug|Any CPU
		{5F9F4249-89CB-655C-1008-B36398B3A7BA}.Release|Any CPU.ActiveCfg = Release|Any CPU
		{5F9F4249-89CB-655C-1008-B36398B3A7BA}.Release|Any CPU.Build.0 = Release|Any CPU
		{4F0FFA1F-5584-C19E-FCE1-78FB47926B18}.Debug|Any CPU.ActiveCfg = Debug|Any CPU
		{4F0FFA1F-5584-C19E-FCE1-78FB47926B18}.Debug|Any CPU.Build.0 = Debug|Any CPU
		{4F0FFA1F-5584-C19E-FCE1-78FB47926B18}.Release|Any CPU.ActiveCfg = Release|Any CPU
		{4F0FFA1F-5584-C19E-FCE1-78FB47926B18}.Release|Any CPU.Build.0 = Release|Any CPU
		{A8F78061-6A81-543E-4040-24DDB74A8BA0}.Debug|Any CPU.ActiveCfg = Debug|Any CPU
		{A8F78061-6A81-543E-4040-24DDB74A8BA0}.Debug|Any CPU.Build.0 = Debug|Any CPU
		{A8F78061-6A81-543E-4040-24DDB74A8BA0}.Release|Any CPU.ActiveCfg = Release|Any CPU
		{A8F78061-6A81-543E-4040-24DDB74A8BA0}.Release|Any CPU.Build.0 = Release|Any CPU
		{7822AEA8-DA56-174F-6E1D-F523988B003A}.Debug|Any CPU.ActiveCfg = Debug|Any CPU
		{7822AEA8-DA56-174F-6E1D-F523988B003A}.Debug|Any CPU.Build.0 = Debug|Any CPU
		{7822AEA8-DA56-174F-6E1D-F523988B003A}.Release|Any CPU.ActiveCfg = Release|Any CPU
		{7822AEA8-DA56-174F-6E1D-F523988B003A}.Release|Any CPU.Build.0 = Release|Any CPU
		{E472E34A-3059-479B-5D87-FC0C8EC3827D}.Debug|Any CPU.ActiveCfg = Debug|Any CPU
		{E472E34A-3059-479B-5D87-FC0C8EC3827D}.Debug|Any CPU.Build.0 = Debug|Any CPU
		{E472E34A-3059-479B-5D87-FC0C8EC3827D}.Release|Any CPU.ActiveCfg = Release|Any CPU
		{E472E34A-3059-479B-5D87-FC0C8EC3827D}.Release|Any CPU.Build.0 = Release|Any CPU
		{4A998D49-CFD3-D1D0-FA86-9ECF1286F174}.Debug|Any CPU.ActiveCfg = Debug|Any CPU
		{4A998D49-CFD3-D1D0-FA86-9ECF1286F174}.Debug|Any CPU.Build.0 = Debug|Any CPU
		{4A998D49-CFD3-D1D0-FA86-9ECF1286F174}.Release|Any CPU.ActiveCfg = Release|Any CPU
		{4A998D49-CFD3-D1D0-FA86-9ECF1286F174}.Release|Any CPU.Build.0 = Release|Any CPU
		{7F2DD4B7-260E-34AB-C9EE-275883B99B1B}.Debug|Any CPU.ActiveCfg = Debug|Any CPU
		{7F2DD4B7-260E-34AB-C9EE-275883B99B1B}.Debug|Any CPU.Build.0 = Debug|Any CPU
		{7F2DD4B7-260E-34AB-C9EE-275883B99B1B}.Release|Any CPU.ActiveCfg = Release|Any CPU
		{7F2DD4B7-260E-34AB-C9EE-275883B99B1B}.Release|Any CPU.Build.0 = Release|Any CPU
		{66C2703A-C018-04B0-BF6D-B9F4FA0A7127}.Debug|Any CPU.ActiveCfg = Debug|Any CPU
		{66C2703A-C018-04B0-BF6D-B9F4FA0A7127}.Debug|Any CPU.Build.0 = Debug|Any CPU
		{66C2703A-C018-04B0-BF6D-B9F4FA0A7127}.Release|Any CPU.ActiveCfg = Release|Any CPU
		{66C2703A-C018-04B0-BF6D-B9F4FA0A7127}.Release|Any CPU.Build.0 = Release|Any CPU
		{F4515606-40B1-58DC-0DEA-5C27C0A52E0C}.Debug|Any CPU.ActiveCfg = Debug|Any CPU
		{F4515606-40B1-58DC-0DEA-5C27C0A52E0C}.Debug|Any CPU.Build.0 = Debug|Any CPU
		{F4515606-40B1-58DC-0DEA-5C27C0A52E0C}.Release|Any CPU.ActiveCfg = Release|Any CPU
		{F4515606-40B1-58DC-0DEA-5C27C0A52E0C}.Release|Any CPU.Build.0 = Release|Any CPU
		{91BF3542-9419-FE48-7A9E-F741581FC8BC}.Debug|Any CPU.ActiveCfg = Debug|Any CPU
		{91BF3542-9419-FE48-7A9E-F741581FC8BC}.Debug|Any CPU.Build.0 = Debug|Any CPU
		{91BF3542-9419-FE48-7A9E-F741581FC8BC}.Release|Any CPU.ActiveCfg = Release|Any CPU
		{91BF3542-9419-FE48-7A9E-F741581FC8BC}.Release|Any CPU.Build.0 = Release|Any CPU
		{AA26D7A1-71E2-C0CE-F8AB-F0840B43965F}.Debug|Any CPU.ActiveCfg = Debug|Any CPU
		{AA26D7A1-71E2-C0CE-F8AB-F0840B43965F}.Debug|Any CPU.Build.0 = Debug|Any CPU
		{AA26D7A1-71E2-C0CE-F8AB-F0840B43965F}.Release|Any CPU.ActiveCfg = Release|Any CPU
		{AA26D7A1-71E2-C0CE-F8AB-F0840B43965F}.Release|Any CPU.Build.0 = Release|Any CPU
		{F005BAED-F5E3-ECEA-A955-5677D2C09C25}.Debug|Any CPU.ActiveCfg = Debug|Any CPU
		{F005BAED-F5E3-ECEA-A955-5677D2C09C25}.Debug|Any CPU.Build.0 = Debug|Any CPU
		{F005BAED-F5E3-ECEA-A955-5677D2C09C25}.Release|Any CPU.ActiveCfg = Release|Any CPU
		{F005BAED-F5E3-ECEA-A955-5677D2C09C25}.Release|Any CPU.Build.0 = Release|Any CPU
		{DA0E4169-1E71-EEF5-7425-7DCB82EA4BE2}.Debug|Any CPU.ActiveCfg = Debug|Any CPU
		{DA0E4169-1E71-EEF5-7425-7DCB82EA4BE2}.Debug|Any CPU.Build.0 = Debug|Any CPU
		{DA0E4169-1E71-EEF5-7425-7DCB82EA4BE2}.Release|Any CPU.ActiveCfg = Release|Any CPU
		{DA0E4169-1E71-EEF5-7425-7DCB82EA4BE2}.Release|Any CPU.Build.0 = Release|Any CPU
		{D15FAB58-02FC-ACD8-43BE-4C52571601D1}.Debug|Any CPU.ActiveCfg = Debug|Any CPU
		{D15FAB58-02FC-ACD8-43BE-4C52571601D1}.Debug|Any CPU.Build.0 = Debug|Any CPU
		{D15FAB58-02FC-ACD8-43BE-4C52571601D1}.Release|Any CPU.ActiveCfg = Release|Any CPU
		{D15FAB58-02FC-ACD8-43BE-4C52571601D1}.Release|Any CPU.Build.0 = Release|Any CPU
		{D18BE99F-1B4A-314B-5857-E2444AAAD8D5}.Debug|Any CPU.ActiveCfg = Debug|Any CPU
		{D18BE99F-1B4A-314B-5857-E2444AAAD8D5}.Debug|Any CPU.Build.0 = Debug|Any CPU
		{D18BE99F-1B4A-314B-5857-E2444AAAD8D5}.Release|Any CPU.ActiveCfg = Release|Any CPU
		{D18BE99F-1B4A-314B-5857-E2444AAAD8D5}.Release|Any CPU.Build.0 = Release|Any CPU
		{84CDC936-E283-EB23-F163-02E759C01E8A}.Debug|Any CPU.ActiveCfg = Debug|Any CPU
		{84CDC936-E283-EB23-F163-02E759C01E8A}.Debug|Any CPU.Build.0 = Debug|Any CPU
		{84CDC936-E283-EB23-F163-02E759C01E8A}.Release|Any CPU.ActiveCfg = Release|Any CPU
		{84CDC936-E283-EB23-F163-02E759C01E8A}.Release|Any CPU.Build.0 = Release|Any CPU
		{E7D7B107-1D9C-6FFD-326C-A48943EE1768}.Debug|Any CPU.ActiveCfg = Debug|Any CPU
		{E7D7B107-1D9C-6FFD-326C-A48943EE1768}.Debug|Any CPU.Build.0 = Debug|Any CPU
		{E7D7B107-1D9C-6FFD-326C-A48943EE1768}.Release|Any CPU.ActiveCfg = Release|Any CPU
		{E7D7B107-1D9C-6FFD-326C-A48943EE1768}.Release|Any CPU.Build.0 = Release|Any CPU
		{F90E6D36-2C95-978F-A1D8-CDFFB5A52085}.Debug|Any CPU.ActiveCfg = Debug|Any CPU
		{F90E6D36-2C95-978F-A1D8-CDFFB5A52085}.Debug|Any CPU.Build.0 = Debug|Any CPU
		{F90E6D36-2C95-978F-A1D8-CDFFB5A52085}.Release|Any CPU.ActiveCfg = Release|Any CPU
		{F90E6D36-2C95-978F-A1D8-CDFFB5A52085}.Release|Any CPU.Build.0 = Release|Any CPU
		{6DCA1B68-5C46-ABB6-C496-78298432697F}.Debug|Any CPU.ActiveCfg = Debug|Any CPU
		{6DCA1B68-5C46-ABB6-C496-78298432697F}.Debug|Any CPU.Build.0 = Debug|Any CPU
		{6DCA1B68-5C46-ABB6-C496-78298432697F}.Release|Any CPU.ActiveCfg = Release|Any CPU
		{6DCA1B68-5C46-ABB6-C496-78298432697F}.Release|Any CPU.Build.0 = Release|Any CPU
		{3D443F41-235C-D2B6-F1D4-2E6393B89B2F}.Debug|Any CPU.ActiveCfg = Debug|Any CPU
		{3D443F41-235C-D2B6-F1D4-2E6393B89B2F}.Debug|Any CPU.Build.0 = Debug|Any CPU
		{3D443F41-235C-D2B6-F1D4-2E6393B89B2F}.Release|Any CPU.ActiveCfg = Release|Any CPU
		{3D443F41-235C-D2B6-F1D4-2E6393B89B2F}.Release|Any CPU.Build.0 = Release|Any CPU
		{B7C18C24-97E7-379F-6837-7187760263AA}.Debug|Any CPU.ActiveCfg = Debug|Any CPU
		{B7C18C24-97E7-379F-6837-7187760263AA}.Debug|Any CPU.Build.0 = Debug|Any CPU
		{B7C18C24-97E7-379F-6837-7187760263AA}.Release|Any CPU.ActiveCfg = Release|Any CPU
		{B7C18C24-97E7-379F-6837-7187760263AA}.Release|Any CPU.Build.0 = Release|Any CPU
		{E74CE37E-AFCA-5AF6-AA2E-564F5C5A3E2E}.Debug|Any CPU.ActiveCfg = Debug|Any CPU
		{E74CE37E-AFCA-5AF6-AA2E-564F5C5A3E2E}.Debug|Any CPU.Build.0 = Debug|Any CPU
		{E74CE37E-AFCA-5AF6-AA2E-564F5C5A3E2E}.Release|Any CPU.ActiveCfg = Release|Any CPU
		{E74CE37E-AFCA-5AF6-AA2E-564F5C5A3E2E}.Release|Any CPU.Build.0 = Release|Any CPU
		{B9DAF28C-4298-8318-B781-C89D945555C8}.Debug|Any CPU.ActiveCfg = Debug|Any CPU
		{B9DAF28C-4298-8318-B781-C89D945555C8}.Debug|Any CPU.Build.0 = Debug|Any CPU
		{B9DAF28C-4298-8318-B781-C89D945555C8}.Release|Any CPU.ActiveCfg = Release|Any CPU
		{B9DAF28C-4298-8318-B781-C89D945555C8}.Release|Any CPU.Build.0 = Release|Any CPU
	EndGlobalSection
	GlobalSection(SolutionProperties) = preSolution
		HideSolutionNode = FALSE
	EndGlobalSection
EndGlobal
